
Microsoft Visual Studio Solution File, Format Version 12.00
# Visual Studio Version 17
VisualStudioVersion = 17.9.34407.89
MinimumVisualStudioVersion = 10.0.40219.1
Project("{FAE04EC0-301F-11D3-BF4B-00C04F79EFBC}") = "MassExtractBinder", "MassExtractBinder\MassExtractBinder.csproj", "{8FFA53B9-7791-41C3-85CD-2F7C98314D20}"
EndProject
Project("{9A19103F-16F7-4668-BE54-9A1E7A4F7556}") = "SoulsFormatsExtended", "..\SoulsFormatsExtended\SoulsFormats\SoulsFormatsExtended.csproj", "{0EF013CC-74A5-4E91-BA3E-35BBEE33184A}"
EndProject
Global
	GlobalSection(SolutionConfigurationPlatforms) = preSolution
		Debug|Any CPU = Debug|Any CPU
		Release|Any CPU = Release|Any CPU
	EndGlobalSection
	GlobalSection(ProjectConfigurationPlatforms) = postSolution
		{8FFA53B9-7791-41C3-85CD-2F7C98314D20}.Debug|Any CPU.ActiveCfg = Debug|Any CPU
		{8FFA53B9-7791-41C3-85CD-2F7C98314D20}.Debug|Any CPU.Build.0 = Debug|Any CPU
		{8FFA53B9-7791-41C3-85CD-2F7C98314D20}.Release|Any CPU.ActiveCfg = Release|Any CPU
		{8FFA53B9-7791-41C3-85CD-2F7C98314D20}.Release|Any CPU.Build.0 = Release|Any CPU
		{0EF013CC-74A5-4E91-BA3E-35BBEE33184A}.Debug|Any CPU.ActiveCfg = Debug|Any CPU
		{0EF013CC-74A5-4E91-BA3E-35BBEE33184A}.Debug|Any CPU.Build.0 = Debug|Any CPU
		{0EF013CC-74A5-4E91-BA3E-35BBEE33184A}.Release|Any CPU.ActiveCfg = Release|Any CPU
		{0EF013CC-74A5-4E91-BA3E-35BBEE33184A}.Release|Any CPU.Build.0 = Release|Any CPU
	EndGlobalSection
	GlobalSection(SolutionProperties) = preSolution
		HideSolutionNode = FALSE
	EndGlobalSection
	GlobalSection(ExtensibilityGlobals) = postSolution
		SolutionGuid = {7797EE0F-C4A6-45CB-84C0-7144CB7FCC18}
	EndGlobalSection
EndGlobal
